
Microsoft Visual Studio Solution File, Format Version 12.00
# Visual Studio Version 17
VisualStudioVersion = 17.13.35828.75 d17.13
MinimumVisualStudioVersion = 10.0.40219.1
Project("{FAE04EC0-301F-11D3-BF4B-00C04F79EFBC}") = "lab6", "lab6\lab6.csproj", "{4AF9B6D0-93D4-4C01-AFBF-7A2194592D0D}"
EndProject
Global
	GlobalSection(SolutionConfigurationPlatforms) = preSolution
		Debug|Any CPU = Debug|Any CPU
		Release|Any CPU = Release|Any CPU
	EndGlobalSection
	GlobalSection(ProjectConfigurationPlatforms) = postSolution
		{4AF9B6D0-93D4-4C01-AFBF-7A2194592D0D}.Debug|Any CPU.ActiveCfg = Debug|Any CPU
		{4AF9B6D0-93D4-4C01-AFBF-7A2194592D0D}.Debug|Any CPU.Build.0 = Debug|Any CPU
		{4AF9B6D0-93D4-4C01-AFBF-7A2194592D0D}.Release|Any CPU.ActiveCfg = Release|Any CPU
		{4AF9B6D0-93D4-4C01-AFBF-7A2194592D0D}.Release|Any CPU.Build.0 = Release|Any CPU
	EndGlobalSection
	GlobalSection(SolutionProperties) = preSolution
		HideSolutionNode = FALSE
	EndGlobalSection
	GlobalSection(ExtensibilityGlobals) = postSolution
		SolutionGuid = {D8063B34-14C5-49B3-98D8-A1E49E861AEC}
	EndGlobalSection
EndGlobal
